// !$*UTF8*$!
{
	archiveVersion = 1;
	classes = {
	};
	objectVersion = 55;
	objects = {

/* Begin PBXBuildFile section */
		3374A293287F43F900A845CF /* AppDelegate.swift in Sources */ = {isa = PBXBuildFile; fileRef = 3374A292287F43F900A845CF /* AppDelegate.swift */; };
		3374A295287F43F900A845CF /* SceneDelegate.swift in Sources */ = {isa = PBXBuildFile; fileRef = 3374A294287F43F900A845CF /* SceneDelegate.swift */; };
		3374A297287F43F900A845CF /* ViewController.swift in Sources */ = {isa = PBXBuildFile; fileRef = 3374A296287F43F900A845CF /* ViewController.swift */; };
		3374A29A287F43F900A845CF /* Main.storyboard in Resources */ = {isa = PBXBuildFile; fileRef = 3374A298287F43F900A845CF /* Main.storyboard */; };
		3374A29F287F43FB00A845CF /* LaunchScreen.storyboard in Resources */ = {isa = PBXBuildFile; fileRef = 3374A29D287F43FB00A845CF /* LaunchScreen.storyboard */; };
		33A66D452881CE4D003F5901 /* ResultCell.swift in Sources */ = {isa = PBXBuildFile; fileRef = 33A66D442881CE4D003F5901 /* ResultCell.swift */; };
		33A66D472881D81B003F5901 /* ResultModel.swift in Sources */ = {isa = PBXBuildFile; fileRef = 33A66D462881D81B003F5901 /* ResultModel.swift */; };
		33A66D4E2882E7F7003F5901 /* EnchantModel.swift in Sources */ = {isa = PBXBuildFile; fileRef = 33A66D4D2882E7F7003F5901 /* EnchantModel.swift */; };
		33A66D512882F998003F5901 /* ViewController+TableView.swift in Sources */ = {isa = PBXBuildFile; fileRef = 33A66D502882F998003F5901 /* ViewController+TableView.swift */; };
		33A66D53288452A3003F5901 /* WeaponViewController.swift in Sources */ = {isa = PBXBuildFile; fileRef = 33A66D52288452A3003F5901 /* WeaponViewController.swift */; };
		33A66D55288453BD003F5901 /* WeaponModel.swift in Sources */ = {isa = PBXBuildFile; fileRef = 33A66D54288453BD003F5901 /* WeaponModel.swift */; };
		33A66D5728845692003F5901 /* Assets.xcassets in Resources */ = {isa = PBXBuildFile; fileRef = 33A66D5628845692003F5901 /* Assets.xcassets */; };
		33A66D5F28847625003F5901 /* WeaponList.swift in Sources */ = {isa = PBXBuildFile; fileRef = 33A66D5E28847624003F5901 /* WeaponList.swift */; };
/* End PBXBuildFile section */

/* Begin PBXFileReference section */
		3374A28F287F43F900A845CF /* PWSimulator.app */ = {isa = PBXFileReference; explicitFileType = wrapper.application; includeInIndex = 0; path = PWSimulator.app; sourceTree = BUILT_PRODUCTS_DIR; };
		3374A292287F43F900A845CF /* AppDelegate.swift */ = {isa = PBXFileReference; lastKnownFileType = sourcecode.swift; path = AppDelegate.swift; sourceTree = "<group>"; };
		3374A294287F43F900A845CF /* SceneDelegate.swift */ = {isa = PBXFileReference; lastKnownFileType = sourcecode.swift; path = SceneDelegate.swift; sourceTree = "<group>"; };
		3374A296287F43F900A845CF /* ViewController.swift */ = {isa = PBXFileReference; lastKnownFileType = sourcecode.swift; path = ViewController.swift; sourceTree = "<group>"; };
		3374A299287F43F900A845CF /* Base */ = {isa = PBXFileReference; lastKnownFileType = file.storyboard; name = Base; path = Base.lproj/Main.storyboard; sourceTree = "<group>"; };
		3374A29E287F43FB00A845CF /* Base */ = {isa = PBXFileReference; lastKnownFileType = file.storyboard; name = Base; path = Base.lproj/LaunchScreen.storyboard; sourceTree = "<group>"; };
		3374A2A0287F43FB00A845CF /* Info.plist */ = {isa = PBXFileReference; lastKnownFileType = text.plist.xml; path = Info.plist; sourceTree = "<group>"; };
		33A66D442881CE4D003F5901 /* ResultCell.swift */ = {isa = PBXFileReference; lastKnownFileType = sourcecode.swift; path = ResultCell.swift; sourceTree = "<group>"; };
		33A66D462881D81B003F5901 /* ResultModel.swift */ = {isa = PBXFileReference; lastKnownFileType = sourcecode.swift; path = ResultModel.swift; sourceTree = "<group>"; };
		33A66D4D2882E7F7003F5901 /* EnchantModel.swift */ = {isa = PBXFileReference; lastKnownFileType = sourcecode.swift; path = EnchantModel.swift; sourceTree = "<group>"; };
		33A66D502882F998003F5901 /* ViewController+TableView.swift */ = {isa = PBXFileReference; lastKnownFileType = sourcecode.swift; path = "ViewController+TableView.swift"; sourceTree = "<group>"; };
		33A66D52288452A3003F5901 /* WeaponViewController.swift */ = {isa = PBXFileReference; lastKnownFileType = sourcecode.swift; path = WeaponViewController.swift; sourceTree = "<group>"; };
		33A66D54288453BD003F5901 /* WeaponModel.swift */ = {isa = PBXFileReference; lastKnownFileType = sourcecode.swift; path = WeaponModel.swift; sourceTree = "<group>"; };
		33A66D5628845692003F5901 /* Assets.xcassets */ = {isa = PBXFileReference; lastKnownFileType = folder.assetcatalog; path = Assets.xcassets; sourceTree = "<group>"; };
		33A66D5E28847624003F5901 /* WeaponList.swift */ = {isa = PBXFileReference; lastKnownFileType = sourcecode.swift; path = WeaponList.swift; sourceTree = "<group>"; };
/* End PBXFileReference section */

/* Begin PBXFrameworksBuildPhase section */
		3374A28C287F43F900A845CF /* Frameworks */ = {
			isa = PBXFrameworksBuildPhase;
			buildActionMask = 2147483647;
			files = (
			);
			runOnlyForDeploymentPostprocessing = 0;
		};
/* End PBXFrameworksBuildPhase section */

/* Begin PBXGroup section */
		3374A286287F43F900A845CF = {
			isa = PBXGroup;
			children = (
				3374A291287F43F900A845CF /* PWSimulator */,
				3374A290287F43F900A845CF /* Products */,
			);
			sourceTree = "<group>";
		};
		3374A290287F43F900A845CF /* Products */ = {
			isa = PBXGroup;
			children = (
				3374A28F287F43F900A845CF /* PWSimulator.app */,
			);
			name = Products;
			sourceTree = "<group>";
		};
		3374A291287F43F900A845CF /* PWSimulator */ = {
			isa = PBXGroup;
			children = (
				3374A292287F43F900A845CF /* AppDelegate.swift */,
				3374A294287F43F900A845CF /* SceneDelegate.swift */,
				33A66D4F2882F969003F5901 /* Extensions */,
				33A66D4C2882E7E0003F5901 /* Models */,
				33A66D4A2882E7CA003F5901 /* Views */,
				33A66D482882E79C003F5901 /* Controllers */,
				3374A298287F43F900A845CF /* Main.storyboard */,
				3374A29D287F43FB00A845CF /* LaunchScreen.storyboard */,
				3374A2A0287F43FB00A845CF /* Info.plist */,
				33A66D5628845692003F5901 /* Assets.xcassets */,
			);
			path = PWSimulator;
			sourceTree = "<group>";
		};
		33A66D482882E79C003F5901 /* Controllers */ = {
			isa = PBXGroup;
			children = (
				3374A296287F43F900A845CF /* ViewController.swift */,
				33A66D52288452A3003F5901 /* WeaponViewController.swift */,
			);
			path = Controllers;
			sourceTree = "<group>";
		};
		33A66D492882E7BA003F5901 /* Cells */ = {
			isa = PBXGroup;
			children = (
				33A66D442881CE4D003F5901 /* ResultCell.swift */,
			);
			path = Cells;
			sourceTree = "<group>";
		};
		33A66D4A2882E7CA003F5901 /* Views */ = {
			isa = PBXGroup;
			children = (
				33A66D492882E7BA003F5901 /* Cells */,
			);
			path = Views;
			sourceTree = "<group>";
		};
		33A66D4C2882E7E0003F5901 /* Models */ = {
			isa = PBXGroup;
			children = (
				33A66D462881D81B003F5901 /* ResultModel.swift */,
				33A66D4D2882E7F7003F5901 /* EnchantModel.swift */,
				33A66D54288453BD003F5901 /* WeaponModel.swift */,
				33A66D5E28847624003F5901 /* WeaponList.swift */,
			);
			path = Models;
			sourceTree = "<group>";
		};
		33A66D4F2882F969003F5901 /* Extensions */ = {
			isa = PBXGroup;
			children = (
				33A66D502882F998003F5901 /* ViewController+TableView.swift */,
			);
			path = Extensions;
			sourceTree = "<group>";
		};
/* End PBXGroup section */

/* Begin PBXNativeTarget section */
		3374A28E287F43F900A845CF /* PWSimulator */ = {
			isa = PBXNativeTarget;
			buildConfigurationList = 3374A2A3287F43FB00A845CF /* Build configuration list for PBXNativeTarget "PWSimulator" */;
			buildPhases = (
				3374A28B287F43F900A845CF /* Sources */,
				3374A28C287F43F900A845CF /* Frameworks */,
				3374A28D287F43F900A845CF /* Resources */,
			);
			buildRules = (
			);
			dependencies = (
			);
			name = PWSimulator;
			productName = PWSimulator;
			productReference = 3374A28F287F43F900A845CF /* PWSimulator.app */;
			productType = "com.apple.product-type.application";
		};
/* End PBXNativeTarget section */

/* Begin PBXProject section */
		3374A287287F43F900A845CF /* Project object */ = {
			isa = PBXProject;
			attributes = {
				BuildIndependentTargetsInParallel = 1;
				LastSwiftUpdateCheck = 1340;
				LastUpgradeCheck = 1340;
				TargetAttributes = {
					3374A28E287F43F900A845CF = {
						CreatedOnToolsVersion = 13.4.1;
					};
				};
			};
			buildConfigurationList = 3374A28A287F43F900A845CF /* Build configuration list for PBXProject "PWSimulator" */;
			compatibilityVersion = "Xcode 13.0";
			developmentRegion = en;
			hasScannedForEncodings = 0;
			knownRegions = (
				en,
				Base,
			);
			mainGroup = 3374A286287F43F900A845CF;
			productRefGroup = 3374A290287F43F900A845CF /* Products */;
			projectDirPath = "";
			projectRoot = "";
			targets = (
				3374A28E287F43F900A845CF /* PWSimulator */,
			);
		};
/* End PBXProject section */

/* Begin PBXResourcesBuildPhase section */
		3374A28D287F43F900A845CF /* Resources */ = {
			isa = PBXResourcesBuildPhase;
			buildActionMask = 2147483647;
			files = (
				3374A29F287F43FB00A845CF /* LaunchScreen.storyboard in Resources */,
				33A66D5728845692003F5901 /* Assets.xcassets in Resources */,
				3374A29A287F43F900A845CF /* Main.storyboard in Resources */,
			);
			runOnlyForDeploymentPostprocessing = 0;
		};
/* End PBXResourcesBuildPhase section */

/* Begin PBXSourcesBuildPhase section */
		3374A28B287F43F900A845CF /* Sources */ = {
			isa = PBXSourcesBuildPhase;
			buildActionMask = 2147483647;
			files = (
				3374A297287F43F900A845CF /* ViewController.swift in Sources */,
				3374A293287F43F900A845CF /* AppDelegate.swift in Sources */,
				33A66D452881CE4D003F5901 /* ResultCell.swift in Sources */,
				33A66D5F28847625003F5901 /* WeaponList.swift in Sources */,
				33A66D4E2882E7F7003F5901 /* EnchantModel.swift in Sources */,
				33A66D55288453BD003F5901 /* WeaponModel.swift in Sources */,
				33A66D512882F998003F5901 /* ViewController+TableView.swift in Sources */,
				33A66D472881D81B003F5901 /* ResultModel.swift in Sources */,
				33A66D53288452A3003F5901 /* WeaponViewController.swift in Sources */,
				3374A295287F43F900A845CF /* SceneDelegate.swift in Sources */,
			);
			runOnlyForDeploymentPostprocessing = 0;
		};
/* End PBXSourcesBuildPhase section */

/* Begin PBXVariantGroup section */
		3374A298287F43F900A845CF /* Main.storyboard */ = {
			isa = PBXVariantGroup;
			children = (
				3374A299287F43F900A845CF /* Base */,
			);
			name = Main.storyboard;
			sourceTree = "<group>";
		};
		3374A29D287F43FB00A845CF /* LaunchScreen.storyboard */ = {
			isa = PBXVariantGroup;
			children = (
				3374A29E287F43FB00A845CF /* Base */,
			);
			name = LaunchScreen.storyboard;
			sourceTree = "<group>";
		};
/* End PBXVariantGroup section */

/* Begin XCBuildConfiguration section */
		3374A2A1287F43FB00A845CF /* Debug */ = {
			isa = XCBuildConfiguration;
			buildSettings = {
				ALWAYS_SEARCH_USER_PATHS = NO;
				CLANG_ANALYZER_NONNULL = YES;
				CLANG_ANALYZER_NUMBER_OBJECT_CONVERSION = YES_AGGRESSIVE;
				CLANG_CXX_LANGUAGE_STANDARD = "gnu++17";
				CLANG_ENABLE_MODULES = YES;
				CLANG_ENABLE_OBJC_ARC = YES;
				CLANG_ENABLE_OBJC_WEAK = YES;
				CLANG_WARN_BLOCK_CAPTURE_AUTORELEASING = YES;
				CLANG_WARN_BOOL_CONVERSION = YES;
				CLANG_WARN_COMMA = YES;
				CLANG_WARN_CONSTANT_CONVERSION = YES;
				CLANG_WARN_DEPRECATED_OBJC_IMPLEMENTATIONS = YES;
				CLANG_WARN_DIRECT_OBJC_ISA_USAGE = YES_ERROR;
				CLANG_WARN_DOCUMENTATION_COMMENTS = YES;
				CLANG_WARN_EMPTY_BODY = YES;
				CLANG_WARN_ENUM_CONVERSION = YES;
				CLANG_WARN_INFINITE_RECURSION = YES;
				CLANG_WARN_INT_CONVERSION = YES;
				CLANG_WARN_NON_LITERAL_NULL_CONVERSION = YES;
				CLANG_WARN_OBJC_IMPLICIT_RETAIN_SELF = YES;
				CLANG_WARN_OBJC_LITERAL_CONVERSION = YES;
				CLANG_WARN_OBJC_ROOT_CLASS = YES_ERROR;
				CLANG_WARN_QUOTED_INCLUDE_IN_FRAMEWORK_HEADER = YES;
				CLANG_WARN_RANGE_LOOP_ANALYSIS = YES;
				CLANG_WARN_STRICT_PROTOTYPES = YES;
				CLANG_WARN_SUSPICIOUS_MOVE = YES;
				CLANG_WARN_UNGUARDED_AVAILABILITY = YES_AGGRESSIVE;
				CLANG_WARN_UNREACHABLE_CODE = YES;
				CLANG_WARN__DUPLICATE_METHOD_MATCH = YES;
				COPY_PHASE_STRIP = NO;
				DEBUG_INFORMATION_FORMAT = dwarf;
				ENABLE_STRICT_OBJC_MSGSEND = YES;
				ENABLE_TESTABILITY = YES;
				GCC_C_LANGUAGE_STANDARD = gnu11;
				GCC_DYNAMIC_NO_PIC = NO;
				GCC_NO_COMMON_BLOCKS = YES;
				GCC_OPTIMIZATION_LEVEL = 0;
				GCC_PREPROCESSOR_DEFINITIONS = (
					"DEBUG=1",
					"$(inherited)",
				);
				GCC_WARN_64_TO_32_BIT_CONVERSION = YES;
				GCC_WARN_ABOUT_RETURN_TYPE = YES_ERROR;
				GCC_WARN_UNDECLARED_SELECTOR = YES;
				GCC_WARN_UNINITIALIZED_AUTOS = YES_AGGRESSIVE;
				GCC_WARN_UNUSED_FUNCTION = YES;
				GCC_WARN_UNUSED_VARIABLE = YES;
				IPHONEOS_DEPLOYMENT_TARGET = 15.5;
				MTL_ENABLE_DEBUG_INFO = INCLUDE_SOURCE;
				MTL_FAST_MATH = YES;
				ONLY_ACTIVE_ARCH = YES;
				SDKROOT = iphoneos;
				SWIFT_ACTIVE_COMPILATION_CONDITIONS = DEBUG;
				SWIFT_OPTIMIZATION_LEVEL = "-Onone";
			};
			name = Debug;
		};
		3374A2A2287F43FB00A845CF /* Release */ = {
			isa = XCBuildConfiguration;
			buildSettings = {
				ALWAYS_SEARCH_USER_PATHS = NO;
				CLANG_ANALYZER_NONNULL = YES;
				CLANG_ANALYZER_NUMBER_OBJECT_CONVERSION = YES_AGGRESSIVE;
				CLANG_CXX_LANGUAGE_STANDARD = "gnu++17";
				CLANG_ENABLE_MODULES = YES;
				CLANG_ENABLE_OBJC_ARC = YES;
				CLANG_ENABLE_OBJC_WEAK = YES;
				CLANG_WARN_BLOCK_CAPTURE_AUTORELEASING = YES;
				CLANG_WARN_BOOL_CONVERSION = YES;
				CLANG_WARN_COMMA = YES;
				CLANG_WARN_CONSTANT_CONVERSION = YES;
				CLANG_WARN_DEPRECATED_OBJC_IMPLEMENTATIONS = YES;
				CLANG_WARN_DIRECT_OBJC_ISA_USAGE = YES_ERROR;
				CLANG_WARN_DOCUMENTATION_COMMENTS = YES;
				CLANG_WARN_EMPTY_BODY = YES;
				CLANG_WARN_ENUM_CONVERSION = YES;
				CLANG_WARN_INFINITE_RECURSION = YES;
				CLANG_WARN_INT_CONVERSION = YES;
				CLANG_WARN_NON_LITERAL_NULL_CONVERSION = YES;
				CLANG_WARN_OBJC_IMPLICIT_RETAIN_SELF = YES;
				CLANG_WARN_OBJC_LITERAL_CONVERSION = YES;
				CLANG_WARN_OBJC_ROOT_CLASS = YES_ERROR;
				CLANG_WARN_QUOTED_INCLUDE_IN_FRAMEWORK_HEADER = YES;
				CLANG_WARN_RANGE_LOOP_ANALYSIS = YES;
				CLANG_WARN_STRICT_PROTOTYPES = YES;
				CLANG_WARN_SUSPICIOUS_MOVE = YES;
				CLANG_WARN_UNGUARDED_AVAILABILITY = YES_AGGRESSIVE;
				CLANG_WARN_UNREACHABLE_CODE = YES;
				CLANG_WARN__DUPLICATE_METHOD_MATCH = YES;
				COPY_PHASE_STRIP = NO;
				DEBUG_INFORMATION_FORMAT = "dwarf-with-dsym";
				ENABLE_NS_ASSERTIONS = NO;
				ENABLE_STRICT_OBJC_MSGSEND = YES;
				GCC_C_LANGUAGE_STANDARD = gnu11;
				GCC_NO_COMMON_BLOCKS = YES;
				GCC_WARN_64_TO_32_BIT_CONVERSION = YES;
				GCC_WARN_ABOUT_RETURN_TYPE = YES_ERROR;
				GCC_WARN_UNDECLARED_SELECTOR = YES;
				GCC_WARN_UNINITIALIZED_AUTOS = YES_AGGRESSIVE;
				GCC_WARN_UNUSED_FUNCTION = YES;
				GCC_WARN_UNUSED_VARIABLE = YES;
				IPHONEOS_DEPLOYMENT_TARGET = 15.5;
				MTL_ENABLE_DEBUG_INFO = NO;
				MTL_FAST_MATH = YES;
				SDKROOT = iphoneos;
				SWIFT_COMPILATION_MODE = wholemodule;
				SWIFT_OPTIMIZATION_LEVEL = "-O";
				VALIDATE_PRODUCT = YES;
			};
			name = Release;
		};
		3374A2A4287F43FB00A845CF /* Debug */ = {
			isa = XCBuildConfiguration;
			buildSettings = {
				ASSETCATALOG_COMPILER_APPICON_NAME = AppIcon;
				ASSETCATALOG_COMPILER_GLOBAL_ACCENT_COLOR_NAME = AccentColor;
				CODE_SIGN_STYLE = Automatic;
				CURRENT_PROJECT_VERSION = 1;
				DEVELOPMENT_TEAM = Z7573VCR44;
				GENERATE_INFOPLIST_FILE = YES;
				INFOPLIST_FILE = PWSimulator/Info.plist;
				INFOPLIST_KEY_UIApplicationSupportsIndirectInputEvents = YES;
				INFOPLIST_KEY_UILaunchStoryboardName = LaunchScreen;
				INFOPLIST_KEY_UIMainStoryboardFile = Main;
				INFOPLIST_KEY_UISupportedInterfaceOrientations_iPad = "UIInterfaceOrientationPortrait UIInterfaceOrientationPortraitUpsideDown UIInterfaceOrientationLandscapeLeft UIInterfaceOrientationLandscapeRight";
				INFOPLIST_KEY_UISupportedInterfaceOrientations_iPhone = "UIInterfaceOrientationPortrait UIInterfaceOrientationLandscapeLeft UIInterfaceOrientationLandscapeRight";
				LD_RUNPATH_SEARCH_PATHS = (
					"$(inherited)",
					"@executable_path/Frameworks",
				);
				MARKETING_VERSION = 1.0;
				PRODUCT_BUNDLE_IDENTIFIER = com.kourion.PWSimulator;
				PRODUCT_NAME = "$(TARGET_NAME)";
				SWIFT_EMIT_LOC_STRINGS = YES;
				SWIFT_VERSION = 5.0;
				TARGETED_DEVICE_FAMILY = "1,2";
			};
			name = Debug;
		};
		3374A2A5287F43FB00A845CF /* Release */ = {
			isa = XCBuildConfiguration;
			buildSettings = {
				ASSETCATALOG_COMPILER_APPICON_NAME = AppIcon;
				ASSETCATALOG_COMPILER_GLOBAL_ACCENT_COLOR_NAME = AccentColor;
				CODE_SIGN_STYLE = Automatic;
				CURRENT_PROJECT_VERSION = 1;
				DEVELOPMENT_TEAM = Z7573VCR44;
				GENERATE_INFOPLIST_FILE = YES;
				INFOPLIST_FILE = PWSimulator/Info.plist;
				INFOPLIST_KEY_UIApplicationSupportsIndirectInputEvents = YES;
				INFOPLIST_KEY_UILaunchStoryboardName = LaunchScreen;
				INFOPLIST_KEY_UIMainStoryboardFile = Main;
				INFOPLIST_KEY_UISupportedInterfaceOrientations_iPad = "UIInterfaceOrientationPortrait UIInterfaceOrientationPortraitUpsideDown UIInterfaceOrientationLandscapeLeft UIInterfaceOrientationLandscapeRight";
				INFOPLIST_KEY_UISupportedInterfaceOrientations_iPhone = "UIInterfaceOrientationPortrait UIInterfaceOrientationLandscapeLeft UIInterfaceOrientationLandscapeRight";
				LD_RUNPATH_SEARCH_PATHS = (
					"$(inherited)",
					"@executable_path/Frameworks",
				);
				MARKETING_VERSION = 1.0;
				PRODUCT_BUNDLE_IDENTIFIER = com.kourion.PWSimulator;
				PRODUCT_NAME = "$(TARGET_NAME)";
				SWIFT_EMIT_LOC_STRINGS = YES;
				SWIFT_VERSION = 5.0;
				TARGETED_DEVICE_FAMILY = "1,2";
			};
			name = Release;
		};
/* End XCBuildConfiguration section */

/* Begin XCConfigurationList section */
		3374A28A287F43F900A845CF /* Build configuration list for PBXProject "PWSimulator" */ = {
			isa = XCConfigurationList;
			buildConfigurations = (
				3374A2A1287F43FB00A845CF /* Debug */,
				3374A2A2287F43FB00A845CF /* Release */,
			);
			defaultConfigurationIsVisible = 0;
			defaultConfigurationName = Release;
		};
		3374A2A3287F43FB00A845CF /* Build configuration list for PBXNativeTarget "PWSimulator" */ = {
			isa = XCConfigurationList;
			buildConfigurations = (
				3374A2A4287F43FB00A845CF /* Debug */,
				3374A2A5287F43FB00A845CF /* Release */,
			);
			defaultConfigurationIsVisible = 0;
			defaultConfigurationName = Release;
		};
/* End XCConfigurationList section */
	};
	rootObject = 3374A287287F43F900A845CF /* Project object */;
}
